// !$*UTF8*$!
{
	archiveVersion = 1;
	classes = {
	};
	objectVersion = 55;
	objects = {

/* Begin PBXBuildFile section */
		AD7BD49C27B27EDD00743FA9 /* AppDelegate.swift in Sources */ = {isa = PBXBuildFile; fileRef = AD7BD49B27B27EDD00743FA9 /* AppDelegate.swift */; };
		AD7BD49E27B27EDD00743FA9 /* SceneDelegate.swift in Sources */ = {isa = PBXBuildFile; fileRef = AD7BD49D27B27EDD00743FA9 /* SceneDelegate.swift */; };
		AD7BD4A027B27EDD00743FA9 /* ViewController.swift in Sources */ = {isa = PBXBuildFile; fileRef = AD7BD49F27B27EDD00743FA9 /* ViewController.swift */; };
		AD7BD4A327B27EDD00743FA9 /* Main.storyboard in Resources */ = {isa = PBXBuildFile; fileRef = AD7BD4A127B27EDD00743FA9 /* Main.storyboard */; };
		AD7BD4A527B27EDF00743FA9 /* Assets.xcassets in Resources */ = {isa = PBXBuildFile; fileRef = AD7BD4A427B27EDF00743FA9 /* Assets.xcassets */; };
		AD7BD4A827B27EDF00743FA9 /* LaunchScreen.storyboard in Resources */ = {isa = PBXBuildFile; fileRef = AD7BD4A627B27EDF00743FA9 /* LaunchScreen.storyboard */; };
		AD7BD4B027B27FD600743FA9 /* NewsCell.swift in Sources */ = {isa = PBXBuildFile; fileRef = AD7BD4AF27B27FD600743FA9 /* NewsCell.swift */; };
		AD7BD4B727B2818F00743FA9 /* News.swift in Sources */ = {isa = PBXBuildFile; fileRef = AD7BD4B627B2818F00743FA9 /* News.swift */; };
		AD7BD4B927B2833400743FA9 /* WebService.swift in Sources */ = {isa = PBXBuildFile; fileRef = AD7BD4B827B2833400743FA9 /* WebService.swift */; };
		AD7BD4BB27B29D4200743FA9 /* NewsViewModel.swift in Sources */ = {isa = PBXBuildFile; fileRef = AD7BD4BA27B29D4200743FA9 /* NewsViewModel.swift */; };
/* End PBXBuildFile section */

/* Begin PBXFileReference section */
		AD7BD49827B27EDD00743FA9 /* NewsApp.app */ = {isa = PBXFileReference; explicitFileType = wrapper.application; includeInIndex = 0; path = NewsApp.app; sourceTree = BUILT_PRODUCTS_DIR; };
		AD7BD49B27B27EDD00743FA9 /* AppDelegate.swift */ = {isa = PBXFileReference; lastKnownFileType = sourcecode.swift; path = AppDelegate.swift; sourceTree = "<group>"; };
		AD7BD49D27B27EDD00743FA9 /* SceneDelegate.swift */ = {isa = PBXFileReference; lastKnownFileType = sourcecode.swift; path = SceneDelegate.swift; sourceTree = "<group>"; };
		AD7BD49F27B27EDD00743FA9 /* ViewController.swift */ = {isa = PBXFileReference; lastKnownFileType = sourcecode.swift; path = ViewController.swift; sourceTree = "<group>"; };
		AD7BD4A227B27EDD00743FA9 /* Base */ = {isa = PBXFileReference; lastKnownFileType = file.storyboard; name = Base; path = Base.lproj/Main.storyboard; sourceTree = "<group>"; };
		AD7BD4A427B27EDF00743FA9 /* Assets.xcassets */ = {isa = PBXFileReference; lastKnownFileType = folder.assetcatalog; path = Assets.xcassets; sourceTree = "<group>"; };
		AD7BD4A727B27EDF00743FA9 /* Base */ = {isa = PBXFileReference; lastKnownFileType = file.storyboard; name = Base; path = Base.lproj/LaunchScreen.storyboard; sourceTree = "<group>"; };
		AD7BD4A927B27EDF00743FA9 /* Info.plist */ = {isa = PBXFileReference; lastKnownFileType = text.plist.xml; path = Info.plist; sourceTree = "<group>"; };
		AD7BD4AF27B27FD600743FA9 /* NewsCell.swift */ = {isa = PBXFileReference; lastKnownFileType = sourcecode.swift; path = NewsCell.swift; sourceTree = "<group>"; };
		AD7BD4B627B2818F00743FA9 /* News.swift */ = {isa = PBXFileReference; lastKnownFileType = sourcecode.swift; path = News.swift; sourceTree = "<group>"; };
		AD7BD4B827B2833400743FA9 /* WebService.swift */ = {isa = PBXFileReference; lastKnownFileType = sourcecode.swift; path = WebService.swift; sourceTree = "<group>"; };
		AD7BD4BA27B29D4200743FA9 /* NewsViewModel.swift */ = {isa = PBXFileReference; lastKnownFileType = sourcecode.swift; path = NewsViewModel.swift; sourceTree = "<group>"; };
/* End PBXFileReference section */

/* Begin PBXFrameworksBuildPhase section */
		AD7BD49527B27EDD00743FA9 /* Frameworks */ = {
			isa = PBXFrameworksBuildPhase;
			buildActionMask = 2147483647;
			files = (
			);
			runOnlyForDeploymentPostprocessing = 0;
		};
/* End PBXFrameworksBuildPhase section */

/* Begin PBXGroup section */
		AD7BD48F27B27EDD00743FA9 = {
			isa = PBXGroup;
			children = (
				AD7BD49A27B27EDD00743FA9 /* NewsApp */,
				AD7BD49927B27EDD00743FA9 /* Products */,
			);
			sourceTree = "<group>";
		};
		AD7BD49927B27EDD00743FA9 /* Products */ = {
			isa = PBXGroup;
			children = (
				AD7BD49827B27EDD00743FA9 /* NewsApp.app */,
			);
			name = Products;
			sourceTree = "<group>";
		};
		AD7BD49A27B27EDD00743FA9 /* NewsApp */ = {
			isa = PBXGroup;
			children = (
				AD7BD4B527B2817A00743FA9 /* Service */,
				AD7BD4B427B2817200743FA9 /* ViewModel */,
				AD7BD4B327B2816D00743FA9 /* Model */,
				AD7BD4B127B2814F00743FA9 /* View */,
				AD7BD4A127B27EDD00743FA9 /* Main.storyboard */,
				AD7BD4A427B27EDF00743FA9 /* Assets.xcassets */,
				AD7BD4A627B27EDF00743FA9 /* LaunchScreen.storyboard */,
				AD7BD4A927B27EDF00743FA9 /* Info.plist */,
			);
			path = NewsApp;
			sourceTree = "<group>";
		};
		AD7BD4B127B2814F00743FA9 /* View */ = {
			isa = PBXGroup;
			children = (
				AD7BD49B27B27EDD00743FA9 /* AppDelegate.swift */,
				AD7BD49D27B27EDD00743FA9 /* SceneDelegate.swift */,
				AD7BD49F27B27EDD00743FA9 /* ViewController.swift */,
				AD7BD4AF27B27FD600743FA9 /* NewsCell.swift */,
			);
			path = View;
			sourceTree = "<group>";
		};
		AD7BD4B327B2816D00743FA9 /* Model */ = {
			isa = PBXGroup;
			children = (
				AD7BD4B627B2818F00743FA9 /* News.swift */,
			);
			path = Model;
			sourceTree = "<group>";
		};
		AD7BD4B427B2817200743FA9 /* ViewModel */ = {
			isa = PBXGroup;
			children = (
				AD7BD4BA27B29D4200743FA9 /* NewsViewModel.swift */,
			);
			path = ViewModel;
			sourceTree = "<group>";
		};
		AD7BD4B527B2817A00743FA9 /* Service */ = {
			isa = PBXGroup;
			children = (
				AD7BD4B827B2833400743FA9 /* WebService.swift */,
			);
			path = Service;
			sourceTree = "<group>";
		};
/* End PBXGroup section */

/* Begin PBXNativeTarget section */
		AD7BD49727B27EDD00743FA9 /* NewsApp */ = {
			isa = PBXNativeTarget;
			buildConfigurationList = AD7BD4AC27B27EDF00743FA9 /* Build configuration list for PBXNativeTarget "NewsApp" */;
			buildPhases = (
				AD7BD49427B27EDD00743FA9 /* Sources */,
				AD7BD49527B27EDD00743FA9 /* Frameworks */,
				AD7BD49627B27EDD00743FA9 /* Resources */,
			);
			buildRules = (
			);
			dependencies = (
			);
			name = NewsApp;
			productName = NewsApp;
			productReference = AD7BD49827B27EDD00743FA9 /* NewsApp.app */;
			productType = "com.apple.product-type.application";
		};
/* End PBXNativeTarget section */

/* Begin PBXProject section */
		AD7BD49027B27EDD00743FA9 /* Project object */ = {
			isa = PBXProject;
			attributes = {
				BuildIndependentTargetsInParallel = 1;
				LastSwiftUpdateCheck = 1320;
				LastUpgradeCheck = 1320;
				TargetAttributes = {
					AD7BD49727B27EDD00743FA9 = {
						CreatedOnToolsVersion = 13.2.1;
					};
				};
			};
			buildConfigurationList = AD7BD49327B27EDD00743FA9 /* Build configuration list for PBXProject "NewsApp" */;
			compatibilityVersion = "Xcode 13.0";
			developmentRegion = en;
			hasScannedForEncodings = 0;
			knownRegions = (
				en,
				Base,
			);
			mainGroup = AD7BD48F27B27EDD00743FA9;
			productRefGroup = AD7BD49927B27EDD00743FA9 /* Products */;
			projectDirPath = "";
			projectRoot = "";
			targets = (
				AD7BD49727B27EDD00743FA9 /* NewsApp */,
			);
		};
/* End PBXProject section */

/* Begin PBXResourcesBuildPhase section */
		AD7BD49627B27EDD00743FA9 /* Resources */ = {
			isa = PBXResourcesBuildPhase;
			buildActionMask = 2147483647;
			files = (
				AD7BD4A827B27EDF00743FA9 /* LaunchScreen.storyboard in Resources */,
				AD7BD4A527B27EDF00743FA9 /* Assets.xcassets in Resources */,
				AD7BD4A327B27EDD00743FA9 /* Main.storyboard in Resources */,
			);
			runOnlyForDeploymentPostprocessing = 0;
		};
/* End PBXResourcesBuildPhase section */

/* Begin PBXSourcesBuildPhase section */
		AD7BD49427B27EDD00743FA9 /* Sources */ = {
			isa = PBXSourcesBuildPhase;
			buildActionMask = 2147483647;
			files = (
				AD7BD4B927B2833400743FA9 /* WebService.swift in Sources */,
				AD7BD4A027B27EDD00743FA9 /* ViewController.swift in Sources */,
				AD7BD49C27B27EDD00743FA9 /* AppDelegate.swift in Sources */,
				AD7BD4B027B27FD600743FA9 /* NewsCell.swift in Sources */,
				AD7BD4BB27B29D4200743FA9 /* NewsViewModel.swift in Sources */,
				AD7BD4B727B2818F00743FA9 /* News.swift in Sources */,
				AD7BD49E27B27EDD00743FA9 /* SceneDelegate.swift in Sources */,
			);
			runOnlyForDeploymentPostprocessing = 0;
		};
/* End PBXSourcesBuildPhase section */

/* Begin PBXVariantGroup section */
		AD7BD4A127B27EDD00743FA9 /* Main.storyboard */ = {
			isa = PBXVariantGroup;
			children = (
				AD7BD4A227B27EDD00743FA9 /* Base */,
			);
			name = Main.storyboard;
			sourceTree = "<group>";
		};
		AD7BD4A627B27EDF00743FA9 /* LaunchScreen.storyboard */ = {
			isa = PBXVariantGroup;
			children = (
				AD7BD4A727B27EDF00743FA9 /* Base */,
			);
			name = LaunchScreen.storyboard;
			sourceTree = "<group>";
		};
/* End PBXVariantGroup section */

/* Begin XCBuildConfiguration section */
		AD7BD4AA27B27EDF00743FA9 /* Debug */ = {
			isa = XCBuildConfiguration;
			buildSettings = {
				ALWAYS_SEARCH_USER_PATHS = NO;
				CLANG_ANALYZER_NONNULL = YES;
				CLANG_ANALYZER_NUMBER_OBJECT_CONVERSION = YES_AGGRESSIVE;
				CLANG_CXX_LANGUAGE_STANDARD = "gnu++17";
				CLANG_CXX_LIBRARY = "libc++";
				CLANG_ENABLE_MODULES = YES;
				CLANG_ENABLE_OBJC_ARC = YES;
				CLANG_ENABLE_OBJC_WEAK = YES;
				CLANG_WARN_BLOCK_CAPTURE_AUTORELEASING = YES;
				CLANG_WARN_BOOL_CONVERSION = YES;
				CLANG_WARN_COMMA = YES;
				CLANG_WARN_CONSTANT_CONVERSION = YES;
				CLANG_WARN_DEPRECATED_OBJC_IMPLEMENTATIONS = YES;
				CLANG_WARN_DIRECT_OBJC_ISA_USAGE = YES_ERROR;
				CLANG_WARN_DOCUMENTATION_COMMENTS = YES;
				CLANG_WARN_EMPTY_BODY = YES;
				CLANG_WARN_ENUM_CONVERSION = YES;
				CLANG_WARN_INFINITE_RECURSION = YES;
				CLANG_WARN_INT_CONVERSION = YES;
				CLANG_WARN_NON_LITERAL_NULL_CONVERSION = YES;
				CLANG_WARN_OBJC_IMPLICIT_RETAIN_SELF = YES;
				CLANG_WARN_OBJC_LITERAL_CONVERSION = YES;
				CLANG_WARN_OBJC_ROOT_CLASS = YES_ERROR;
				CLANG_WARN_QUOTED_INCLUDE_IN_FRAMEWORK_HEADER = YES;
				CLANG_WARN_RANGE_LOOP_ANALYSIS = YES;
				CLANG_WARN_STRICT_PROTOTYPES = YES;
				CLANG_WARN_SUSPICIOUS_MOVE = YES;
				CLANG_WARN_UNGUARDED_AVAILABILITY = YES_AGGRESSIVE;
				CLANG_WARN_UNREACHABLE_CODE = YES;
				CLANG_WARN__DUPLICATE_METHOD_MATCH = YES;
				COPY_PHASE_STRIP = NO;
				DEBUG_INFORMATION_FORMAT = dwarf;
				ENABLE_STRICT_OBJC_MSGSEND = YES;
				ENABLE_TESTABILITY = YES;
				GCC_C_LANGUAGE_STANDARD = gnu11;
				GCC_DYNAMIC_NO_PIC = NO;
				GCC_NO_COMMON_BLOCKS = YES;
				GCC_OPTIMIZATION_LEVEL = 0;
				GCC_PREPROCESSOR_DEFINITIONS = (
					"DEBUG=1",
					"$(inherited)",
				);
				GCC_WARN_64_TO_32_BIT_CONVERSION = YES;
				GCC_WARN_ABOUT_RETURN_TYPE = YES_ERROR;
				GCC_WARN_UNDECLARED_SELECTOR = YES;
				GCC_WARN_UNINITIALIZED_AUTOS = YES_AGGRESSIVE;
				GCC_WARN_UNUSED_FUNCTION = YES;
				GCC_WARN_UNUSED_VARIABLE = YES;
				IPHONEOS_DEPLOYMENT_TARGET = 15.2;
				MTL_ENABLE_DEBUG_INFO = INCLUDE_SOURCE;
				MTL_FAST_MATH = YES;
				ONLY_ACTIVE_ARCH = YES;
				SDKROOT = iphoneos;
				SWIFT_ACTIVE_COMPILATION_CONDITIONS = DEBUG;
				SWIFT_OPTIMIZATION_LEVEL = "-Onone";
			};
			name = Debug;
		};
		AD7BD4AB27B27EDF00743FA9 /* Release */ = {
			isa = XCBuildConfiguration;
			buildSettings = {
				ALWAYS_SEARCH_USER_PATHS = NO;
				CLANG_ANALYZER_NONNULL = YES;
				CLANG_ANALYZER_NUMBER_OBJECT_CONVERSION = YES_AGGRESSIVE;
				CLANG_CXX_LANGUAGE_STANDARD = "gnu++17";
				CLANG_CXX_LIBRARY = "libc++";
				CLANG_ENABLE_MODULES = YES;
				CLANG_ENABLE_OBJC_ARC = YES;
				CLANG_ENABLE_OBJC_WEAK = YES;
				CLANG_WARN_BLOCK_CAPTURE_AUTORELEASING = YES;
				CLANG_WARN_BOOL_CONVERSION = YES;
				CLANG_WARN_COMMA = YES;
				CLANG_WARN_CONSTANT_CONVERSION = YES;
				CLANG_WARN_DEPRECATED_OBJC_IMPLEMENTATIONS = YES;
				CLANG_WARN_DIRECT_OBJC_ISA_USAGE = YES_ERROR;
				CLANG_WARN_DOCUMENTATION_COMMENTS = YES;
				CLANG_WARN_EMPTY_BODY = YES;
				CLANG_WARN_ENUM_CONVERSION = YES;
				CLANG_WARN_INFINITE_RECURSION = YES;
				CLANG_WARN_INT_CONVERSION = YES;
				CLANG_WARN_NON_LITERAL_NULL_CONVERSION = YES;
				CLANG_WARN_OBJC_IMPLICIT_RETAIN_SELF = YES;
				CLANG_WARN_OBJC_LITERAL_CONVERSION = YES;
				CLANG_WARN_OBJC_ROOT_CLASS = YES_ERROR;
				CLANG_WARN_QUOTED_INCLUDE_IN_FRAMEWORK_HEADER = YES;
				CLANG_WARN_RANGE_LOOP_ANALYSIS = YES;
				CLANG_WARN_STRICT_PROTOTYPES = YES;
				CLANG_WARN_SUSPICIOUS_MOVE = YES;
				CLANG_WARN_UNGUARDED_AVAILABILITY = YES_AGGRESSIVE;
				CLANG_WARN_UNREACHABLE_CODE = YES;
				CLANG_WARN__DUPLICATE_METHOD_MATCH = YES;
				COPY_PHASE_STRIP = NO;
				DEBUG_INFORMATION_FORMAT = "dwarf-with-dsym";
				ENABLE_NS_ASSERTIONS = NO;
				ENABLE_STRICT_OBJC_MSGSEND = YES;
				GCC_C_LANGUAGE_STANDARD = gnu11;
				GCC_NO_COMMON_BLOCKS = YES;
				GCC_WARN_64_TO_32_BIT_CONVERSION = YES;
				GCC_WARN_ABOUT_RETURN_TYPE = YES_ERROR;
				GCC_WARN_UNDECLARED_SELECTOR = YES;
				GCC_WARN_UNINITIALIZED_AUTOS = YES_AGGRESSIVE;
				GCC_WARN_UNUSED_FUNCTION = YES;
				GCC_WARN_UNUSED_VARIABLE = YES;
				IPHONEOS_DEPLOYMENT_TARGET = 15.2;
				MTL_ENABLE_DEBUG_INFO = NO;
				MTL_FAST_MATH = YES;
				SDKROOT = iphoneos;
				SWIFT_COMPILATION_MODE = wholemodule;
				SWIFT_OPTIMIZATION_LEVEL = "-O";
				VALIDATE_PRODUCT = YES;
			};
			name = Release;
		};
		AD7BD4AD27B27EDF00743FA9 /* Debug */ = {
			isa = XCBuildConfiguration;
			buildSettings = {
				ASSETCATALOG_COMPILER_APPICON_NAME = AppIcon;
				ASSETCATALOG_COMPILER_GLOBAL_ACCENT_COLOR_NAME = AccentColor;
				CODE_SIGN_STYLE = Automatic;
				CURRENT_PROJECT_VERSION = 1;
				DEVELOPMENT_TEAM = 92867Z79G9;
				GENERATE_INFOPLIST_FILE = YES;
				INFOPLIST_FILE = NewsApp/Info.plist;
				INFOPLIST_KEY_UIApplicationSupportsIndirectInputEvents = YES;
				INFOPLIST_KEY_UILaunchStoryboardName = LaunchScreen;
				INFOPLIST_KEY_UIMainStoryboardFile = Main;
				INFOPLIST_KEY_UISupportedInterfaceOrientations_iPad = "UIInterfaceOrientationPortrait UIInterfaceOrientationPortraitUpsideDown UIInterfaceOrientationLandscapeLeft UIInterfaceOrientationLandscapeRight";
				INFOPLIST_KEY_UISupportedInterfaceOrientations_iPhone = "UIInterfaceOrientationPortrait UIInterfaceOrientationLandscapeLeft UIInterfaceOrientationLandscapeRight";
				LD_RUNPATH_SEARCH_PATHS = (
					"$(inherited)",
					"@executable_path/Frameworks",
				);
				MARKETING_VERSION = 1.0;
				PRODUCT_BUNDLE_IDENTIFIER = com.erdemozkok.NewsApp;
				PRODUCT_NAME = "$(TARGET_NAME)";
				SWIFT_EMIT_LOC_STRINGS = YES;
				SWIFT_VERSION = 5.0;
				TARGETED_DEVICE_FAMILY = "1,2";
			};
			name = Debug;
		};
		AD7BD4AE27B27EDF00743FA9 /* Release */ = {
			isa = XCBuildConfiguration;
			buildSettings = {
				ASSETCATALOG_COMPILER_APPICON_NAME = AppIcon;
				ASSETCATALOG_COMPILER_GLOBAL_ACCENT_COLOR_NAME = AccentColor;
				CODE_SIGN_STYLE = Automatic;
				CURRENT_PROJECT_VERSION = 1;
				DEVELOPMENT_TEAM = 92867Z79G9;
				GENERATE_INFOPLIST_FILE = YES;
				INFOPLIST_FILE = NewsApp/Info.plist;
				INFOPLIST_KEY_UIApplicationSupportsIndirectInputEvents = YES;
				INFOPLIST_KEY_UILaunchStoryboardName = LaunchScreen;
				INFOPLIST_KEY_UIMainStoryboardFile = Main;
				INFOPLIST_KEY_UISupportedInterfaceOrientations_iPad = "UIInterfaceOrientationPortrait UIInterfaceOrientationPortraitUpsideDown UIInterfaceOrientationLandscapeLeft UIInterfaceOrientationLandscapeRight";
				INFOPLIST_KEY_UISupportedInterfaceOrientations_iPhone = "UIInterfaceOrientationPortrait UIInterfaceOrientationLandscapeLeft UIInterfaceOrientationLandscapeRight";
				LD_RUNPATH_SEARCH_PATHS = (
					"$(inherited)",
					"@executable_path/Frameworks",
				);
				MARKETING_VERSION = 1.0;
				PRODUCT_BUNDLE_IDENTIFIER = com.erdemozkok.NewsApp;
				PRODUCT_NAME = "$(TARGET_NAME)";
				SWIFT_EMIT_LOC_STRINGS = YES;
				SWIFT_VERSION = 5.0;
				TARGETED_DEVICE_FAMILY = "1,2";
			};
			name = Release;
		};
/* End XCBuildConfiguration section */

/* Begin XCConfigurationList section */
		AD7BD49327B27EDD00743FA9 /* Build configuration list for PBXProject "NewsApp" */ = {
			isa = XCConfigurationList;
			buildConfigurations = (
				AD7BD4AA27B27EDF00743FA9 /* Debug */,
				AD7BD4AB27B27EDF00743FA9 /* Release */,
			);
			defaultConfigurationIsVisible = 0;
			defaultConfigurationName = Release;
		};
		AD7BD4AC27B27EDF00743FA9 /* Build configuration list for PBXNativeTarget "NewsApp" */ = {
			isa = XCConfigurationList;
			buildConfigurations = (
				AD7BD4AD27B27EDF00743FA9 /* Debug */,
				AD7BD4AE27B27EDF00743FA9 /* Release */,
			);
			defaultConfigurationIsVisible = 0;
			defaultConfigurationName = Release;
		};
/* End XCConfigurationList section */
	};
	rootObject = AD7BD49027B27EDD00743FA9 /* Project object */;
}
